<?xml version="1.0" encoding="utf-8"?>
<Project ToolsVersion="4.0" xmlns="http://schemas.microsoft.com/developer/msbuild/2003">
  <ItemGroup>
    <Filter Include="Source Files">
      <UniqueIdentifier>{4FC737F1-C7A5-4376-A066-2A32D752A2FF}</UniqueIdentifier>
      <Extensions>cpp;c;cc;cxx;def;odl;idl;hpj;bat;asm;asmx</Extensions>
    </Filter>
    <Filter Include="Header Files">
      <UniqueIdentifier>{93995380-89BD-4b04-88EB-625FBE52EBFB}</UniqueIdentifier>
      <Extensions>h;hh;hpp;hxx;hm;inl;inc;xsd</Extensions>
    </Filter>
    <Filter Include="Resource Files">
      <UniqueIdentifier>{67DA6AB6-F800-4c08-8B7A-83BB121AAD01}</UniqueIdentifier>
      <Extensions>rc;ico;cur;bmp;dlg;rc2;rct;bin;rgs;gif;jpg;jpeg;jpe;resx;tiff;tif;png;wav;mfcribbon-ms</Extensions>
    </Filter>
    <Filter Include="Header Files\Render">
      <UniqueIdentifier>{7789c342-d99e-4d56-9d4b-c822170c93fd}</UniqueIdentifier>
    </Filter>
    <Filter Include="Source Files\Render">
      <UniqueIdentifier>{e669cdec-1e37-41b4-b1a4-edf851c673b7}</UniqueIdentifier>
    </Filter>
    <Filter Include="Header Files\Maths">
      <UniqueIdentifier>{b36a2f26-5803-47b7-be72-5485c97d8878}</UniqueIdentifier>
    </Filter>
    <Filter Include="Source Files\Maths">
      <UniqueIdentifier>{928eeeda-ac49-452b-8203-49e405a8954f}</UniqueIdentifier>
    </Filter>
    <Filter Include="Header Files\Game">
      <UniqueIdentifier>{dde89117-842c-4dad-9f6d-c1aad1aef6f5}</UniqueIdentifier>
    </Filter>
    <Filter Include="Source Files\Game">
      <UniqueIdentifier>{2698b45c-7dbc-4fae-8d5e-39d5ffaa91e5}</UniqueIdentifier>
    </Filter>
    <Filter Include="Header Files\Game\UI">
      <UniqueIdentifier>{870d290c-4296-4ad2-91de-c9feb8b6a099}</UniqueIdentifier>
    </Filter>
    <Filter Include="Source Files\Game\UI">
      <UniqueIdentifier>{8549b827-be68-4075-9b85-336257590532}</UniqueIdentifier>
    </Filter>
    <Filter Include="Header Files\Game\UI Components">
      <UniqueIdentifier>{42660d6e-ba4d-4185-8ea5-bca0755015ea}</UniqueIdentifier>
    </Filter>
    <Filter Include="Source Files\Game\UI Components">
      <UniqueIdentifier>{71ac5a57-2cfb-4d88-a47c-d5a16d693d20}</UniqueIdentifier>
    </Filter>
  </ItemGroup>
  <ItemGroup>
    <ClCompile Include="Source.cpp">
      <Filter>Source Files</Filter>
    </ClCompile>
    <ClCompile Include="View.cpp">
      <Filter>Source Files\Render</Filter>
    </ClCompile>
    <ClCompile Include="Vector2.cpp">
      <Filter>Source Files\Maths</Filter>
    </ClCompile>
    <ClCompile Include="AsciiTexture.cpp">
      <Filter>Source Files\Render</Filter>
    </ClCompile>
    <ClCompile Include="Bounds.cpp">
      <Filter>Source Files\Maths</Filter>
    </ClCompile>
    <ClCompile Include="Object.cpp">
      <Filter>Source Files\Game</Filter>
    </ClCompile>
    <ClCompile Include="ObjectCard.cpp">
      <Filter>Source Files\Game</Filter>
    </ClCompile>
    <ClCompile Include="Board.cpp">
      <Filter>Source Files\Game</Filter>
    </ClCompile>
    <ClCompile Include="ObjectCardRow.cpp">
      <Filter>Source Files\Game</Filter>
    </ClCompile>
    <ClCompile Include="ObjectDeck.cpp">
      <Filter>Source Files\Game</Filter>
    </ClCompile>
    <ClCompile Include="ObjectAceSlots.cpp">
      <Filter>Source Files\Game</Filter>
    </ClCompile>
    <ClCompile Include="UIComponent.cpp">
      <Filter>Source Files\Game\UI</Filter>
    </ClCompile>
    <ClCompile Include="UIContainer.cpp">
      <Filter>Source Files\Game\UI</Filter>
    </ClCompile>
    <ClCompile Include="UIText.cpp">
      <Filter>Source Files\Game\UI</Filter>
    </ClCompile>
    <ClCompile Include="ObjectPopup.cpp">
      <Filter>Source Files\Game\UI Components</Filter>
    </ClCompile>
    <ClCompile Include="KeyInput.cpp">
      <Filter>Source Files\Game</Filter>
    </ClCompile>
  </ItemGroup>
  <ItemGroup>
    <ClInclude Include="View.h">
      <Filter>Header Files\Render</Filter>
    </ClInclude>
    <ClInclude Include="Vector2.h">
      <Filter>Header Files\Maths</Filter>
    </ClInclude>
    <ClInclude Include="AsciiTexture.h">
      <Filter>Header Files\Render</Filter>
    </ClInclude>
    <ClInclude Include="Bounds.h">
      <Filter>Header Files\Maths</Filter>
    </ClInclude>
    <ClInclude Include="Precision.h">
      <Filter>Header Files\Maths</Filter>
    </ClInclude>
    <ClInclude Include="Object.h">
      <Filter>Header Files\Game</Filter>
    </ClInclude>
    <ClInclude Include="ObjectCard.h">
      <Filter>Header Files\Game</Filter>
    </ClInclude>
    <ClInclude Include="ObjectCardRow.h">
      <Filter>Header Files\Game</Filter>
    </ClInclude>
    <ClInclude Include="ObjectDeck.h">
      <Filter>Header Files\Game</Filter>
    </ClInclude>
    <ClInclude Include="Board.h">
      <Filter>Header Files\Game</Filter>
    </ClInclude>
    <ClInclude Include="uMaths.h">
      <Filter>Header Files\Maths</Filter>
    </ClInclude>
    <ClInclude Include="ObjectAceSlots.h">
      <Filter>Header Files\Game</Filter>
    </ClInclude>
    <ClInclude Include="TextAlignment.h">
      <Filter>Header Files\Render</Filter>
    </ClInclude>
    <ClInclude Include="UIComponent.h">
      <Filter>Header Files\Game\UI</Filter>
    </ClInclude>
    <ClInclude Include="UIContainer.h">
      <Filter>Header Files\Game\UI</Filter>
    </ClInclude>
    <ClInclude Include="UIAlignment.h">
      <Filter>Header Files\Game\UI</Filter>
    </ClInclude>
    <ClInclude Include="UIText.h">
      <Filter>Header Files\Game\UI</Filter>
    </ClInclude>
    <ClInclude Include="ObjectPopup.h">
      <Filter>Header Files\Game\UI Components</Filter>
    </ClInclude>
    <ClInclude Include="GameState.h">
      <Filter>Header Files\Game</Filter>
    </ClInclude>
    <ClInclude Include="KeyInput.h">
      <Filter>Header Files\Game</Filter>
    </ClInclude>
  </ItemGroup>
</Project>